
Microsoft Visual Studio Solution File, Format Version 12.00
# Visual Studio Version 16
VisualStudioVersion = 16.0.29519.87
MinimumVisualStudioVersion = 10.0.40219.1
Project("{FAE04EC0-301F-11D3-BF4B-00C04F79EFBC}") = "Demo_CodeFirst", "Demo_CodeFirst.csproj", "{332368D3-05A6-486D-9E0F-F886B101A34F}"
EndProject
Global
	GlobalSection(SolutionConfigurationPlatforms) = preSolution
		Debug|Any CPU = Debug|Any CPU
		Release|Any CPU = Release|Any CPU
	EndGlobalSection
	GlobalSection(ProjectConfigurationPlatforms) = postSolution
		{332368D3-05A6-486D-9E0F-F886B101A34F}.Debug|Any CPU.ActiveCfg = Debug|Any CPU
		{332368D3-05A6-486D-9E0F-F886B101A34F}.Debug|Any CPU.Build.0 = Debug|Any CPU
		{332368D3-05A6-486D-9E0F-F886B101A34F}.Release|Any CPU.ActiveCfg = Release|Any CPU
		{332368D3-05A6-486D-9E0F-F886B101A34F}.Release|Any CPU.Build.0 = Release|Any CPU
	EndGlobalSection
	GlobalSection(SolutionProperties) = preSolution
		HideSolutionNode = FALSE
	EndGlobalSection
	GlobalSection(ExtensibilityGlobals) = postSolution
		SolutionGuid = {095AE3F0-D439-41F5-8A0B-45E995B81A52}
	EndGlobalSection
EndGlobal
